// !$*UTF8*$!
{
	archiveVersion = 1;
	classes = {
	};
	objectVersion = 56;
	objects = {

/* Begin PBXBuildFile section */
		4E0A4D362AA9AFF3000BD654 /* MukChiBbaChoice.swift in Sources */ = {isa = PBXBuildFile; fileRef = 4E0A4D352AA9AFF3000BD654 /* MukChiBbaChoice.swift */; };
		4E0A4D382AA9B021000BD654 /* RockPaperScissorsChoice.swift in Sources */ = {isa = PBXBuildFile; fileRef = 4E0A4D372AA9B021000BD654 /* RockPaperScissorsChoice.swift */; };
		4E8699212AA8568000EFBDDD /* RockPaperscissors.swift in Sources */ = {isa = PBXBuildFile; fileRef = 4E8699202AA8568000EFBDDD /* RockPaperscissors.swift */; };
		4E8699232AA856C400EFBDDD /* MukChiBbaGame.swift in Sources */ = {isa = PBXBuildFile; fileRef = 4E8699222AA856C400EFBDDD /* MukChiBbaGame.swift */; };
		4E8699252AA8571800EFBDDD /* RandomNumber.swift in Sources */ = {isa = PBXBuildFile; fileRef = 4E8699242AA8571800EFBDDD /* RandomNumber.swift */; };
		4EC86BD02AA55AD400A9E86A /* main.swift in Sources */ = {isa = PBXBuildFile; fileRef = 4EC86BCF2AA55AD400A9E86A /* main.swift */; };
/* End PBXBuildFile section */

/* Begin PBXCopyFilesBuildPhase section */
		4EC86BCA2AA55AD400A9E86A /* CopyFiles */ = {
			isa = PBXCopyFilesBuildPhase;
			buildActionMask = 2147483647;
			dstPath = /usr/share/man/man1/;
			dstSubfolderSpec = 0;
			files = (
			);
			runOnlyForDeploymentPostprocessing = 1;
		};
/* End PBXCopyFilesBuildPhase section */

/* Begin PBXFileReference section */
		4E0A4D352AA9AFF3000BD654 /* MukChiBbaChoice.swift */ = {isa = PBXFileReference; lastKnownFileType = sourcecode.swift; path = MukChiBbaChoice.swift; sourceTree = "<group>"; };
		4E0A4D372AA9B021000BD654 /* RockPaperScissorsChoice.swift */ = {isa = PBXFileReference; lastKnownFileType = sourcecode.swift; path = RockPaperScissorsChoice.swift; sourceTree = "<group>"; };
		4E8699202AA8568000EFBDDD /* RockPaperscissors.swift */ = {isa = PBXFileReference; lastKnownFileType = sourcecode.swift; path = RockPaperscissors.swift; sourceTree = "<group>"; };
		4E8699222AA856C400EFBDDD /* MukChiBbaGame.swift */ = {isa = PBXFileReference; lastKnownFileType = sourcecode.swift; path = MukChiBbaGame.swift; sourceTree = "<group>"; };
		4E8699242AA8571800EFBDDD /* RandomNumber.swift */ = {isa = PBXFileReference; lastKnownFileType = sourcecode.swift; path = RandomNumber.swift; sourceTree = "<group>"; };
		4EC86BCC2AA55AD400A9E86A /* mukjjibba */ = {isa = PBXFileReference; explicitFileType = "compiled.mach-o.executable"; includeInIndex = 0; path = mukjjibba; sourceTree = BUILT_PRODUCTS_DIR; };
		4EC86BCF2AA55AD400A9E86A /* main.swift */ = {isa = PBXFileReference; lastKnownFileType = sourcecode.swift; path = main.swift; sourceTree = "<group>"; };
/* End PBXFileReference section */

/* Begin PBXFrameworksBuildPhase section */
		4EC86BC92AA55AD400A9E86A /* Frameworks */ = {
			isa = PBXFrameworksBuildPhase;
			buildActionMask = 2147483647;
			files = (
			);
			runOnlyForDeploymentPostprocessing = 0;
		};
/* End PBXFrameworksBuildPhase section */

/* Begin PBXGroup section */
		4EC86BC32AA55AD400A9E86A = {
			isa = PBXGroup;
			children = (
				4EC86BCE2AA55AD400A9E86A /* mukjjibba */,
				4EC86BCD2AA55AD400A9E86A /* Products */,
			);
			sourceTree = "<group>";
		};
		4EC86BCD2AA55AD400A9E86A /* Products */ = {
			isa = PBXGroup;
			children = (
				4EC86BCC2AA55AD400A9E86A /* mukjjibba */,
			);
			name = Products;
			sourceTree = "<group>";
		};
		4EC86BCE2AA55AD400A9E86A /* mukjjibba */ = {
			isa = PBXGroup;
			children = (
				4E0A4D372AA9B021000BD654 /* RockPaperScissorsChoice.swift */,
				4E0A4D352AA9AFF3000BD654 /* MukChiBbaChoice.swift */,
				4E8699202AA8568000EFBDDD /* RockPaperscissors.swift */,
				4E8699222AA856C400EFBDDD /* MukChiBbaGame.swift */,
				4E8699242AA8571800EFBDDD /* RandomNumber.swift */,
				4EC86BCF2AA55AD400A9E86A /* main.swift */,
			);
			path = mukjjibba;
			sourceTree = "<group>";
		};
/* End PBXGroup section */

/* Begin PBXNativeTarget section */
		4EC86BCB2AA55AD400A9E86A /* mukjjibba */ = {
			isa = PBXNativeTarget;
			buildConfigurationList = 4EC86BD32AA55AD400A9E86A /* Build configuration list for PBXNativeTarget "mukjjibba" */;
			buildPhases = (
				4EC86BC82AA55AD400A9E86A /* Sources */,
				4EC86BC92AA55AD400A9E86A /* Frameworks */,
				4EC86BCA2AA55AD400A9E86A /* CopyFiles */,
			);
			buildRules = (
			);
			dependencies = (
			);
			name = mukjjibba;
			productName = mukjjibba;
			productReference = 4EC86BCC2AA55AD400A9E86A /* mukjjibba */;
			productType = "com.apple.product-type.tool";
		};
/* End PBXNativeTarget section */

/* Begin PBXProject section */
		4EC86BC42AA55AD400A9E86A /* Project object */ = {
			isa = PBXProject;
			attributes = {
				BuildIndependentTargetsInParallel = 1;
				LastSwiftUpdateCheck = 1430;
				LastUpgradeCheck = 1430;
				TargetAttributes = {
					4EC86BCB2AA55AD400A9E86A = {
						CreatedOnToolsVersion = 14.3.1;
					};
				};
			};
			buildConfigurationList = 4EC86BC72AA55AD400A9E86A /* Build configuration list for PBXProject "mukjjibba" */;
			compatibilityVersion = "Xcode 14.0";
			developmentRegion = en;
			hasScannedForEncodings = 0;
			knownRegions = (
				en,
				Base,
			);
			mainGroup = 4EC86BC32AA55AD400A9E86A;
			productRefGroup = 4EC86BCD2AA55AD400A9E86A /* Products */;
			projectDirPath = "";
			projectRoot = "";
			targets = (
				4EC86BCB2AA55AD400A9E86A /* mukjjibba */,
			);
		};
/* End PBXProject section */

/* Begin PBXSourcesBuildPhase section */
		4EC86BC82AA55AD400A9E86A /* Sources */ = {
			isa = PBXSourcesBuildPhase;
			buildActionMask = 2147483647;
			files = (
				4E0A4D362AA9AFF3000BD654 /* MukChiBbaChoice.swift in Sources */,
				4E8699232AA856C400EFBDDD /* MukChiBbaGame.swift in Sources */,
				4E8699212AA8568000EFBDDD /* RockPaperscissors.swift in Sources */,
				4EC86BD02AA55AD400A9E86A /* main.swift in Sources */,
				4E8699252AA8571800EFBDDD /* RandomNumber.swift in Sources */,
				4E0A4D382AA9B021000BD654 /* RockPaperScissorsChoice.swift in Sources */,
			);
			runOnlyForDeploymentPostprocessing = 0;
		};
/* End PBXSourcesBuildPhase section */

/* Begin XCBuildConfiguration section */
		4EC86BD12AA55AD400A9E86A /* Debug */ = {
			isa = XCBuildConfiguration;
			buildSettings = {
				ALWAYS_SEARCH_USER_PATHS = NO;
				CLANG_ANALYZER_NONNULL = YES;
				CLANG_ANALYZER_NUMBER_OBJECT_CONVERSION = YES_AGGRESSIVE;
				CLANG_CXX_LANGUAGE_STANDARD = "gnu++20";
				CLANG_ENABLE_MODULES = YES;
				CLANG_ENABLE_OBJC_ARC = YES;
				CLANG_ENABLE_OBJC_WEAK = YES;
				CLANG_WARN_BLOCK_CAPTURE_AUTORELEASING = YES;
				CLANG_WARN_BOOL_CONVERSION = YES;
				CLANG_WARN_COMMA = YES;
				CLANG_WARN_CONSTANT_CONVERSION = YES;
				CLANG_WARN_DEPRECATED_OBJC_IMPLEMENTATIONS = YES;
				CLANG_WARN_DIRECT_OBJC_ISA_USAGE = YES_ERROR;
				CLANG_WARN_DOCUMENTATION_COMMENTS = YES;
				CLANG_WARN_EMPTY_BODY = YES;
				CLANG_WARN_ENUM_CONVERSION = YES;
				CLANG_WARN_INFINITE_RECURSION = YES;
				CLANG_WARN_INT_CONVERSION = YES;
				CLANG_WARN_NON_LITERAL_NULL_CONVERSION = YES;
				CLANG_WARN_OBJC_IMPLICIT_RETAIN_SELF = YES;
				CLANG_WARN_OBJC_LITERAL_CONVERSION = YES;
				CLANG_WARN_OBJC_ROOT_CLASS = YES_ERROR;
				CLANG_WARN_QUOTED_INCLUDE_IN_FRAMEWORK_HEADER = YES;
				CLANG_WARN_RANGE_LOOP_ANALYSIS = YES;
				CLANG_WARN_STRICT_PROTOTYPES = YES;
				CLANG_WARN_SUSPICIOUS_MOVE = YES;
				CLANG_WARN_UNGUARDED_AVAILABILITY = YES_AGGRESSIVE;
				CLANG_WARN_UNREACHABLE_CODE = YES;
				CLANG_WARN__DUPLICATE_METHOD_MATCH = YES;
				COPY_PHASE_STRIP = NO;
				DEBUG_INFORMATION_FORMAT = dwarf;
				ENABLE_STRICT_OBJC_MSGSEND = YES;
				ENABLE_TESTABILITY = YES;
				GCC_C_LANGUAGE_STANDARD = gnu11;
				GCC_DYNAMIC_NO_PIC = NO;
				GCC_NO_COMMON_BLOCKS = YES;
				GCC_OPTIMIZATION_LEVEL = 0;
				GCC_PREPROCESSOR_DEFINITIONS = (
					"DEBUG=1",
					"$(inherited)",
				);
				GCC_WARN_64_TO_32_BIT_CONVERSION = YES;
				GCC_WARN_ABOUT_RETURN_TYPE = YES_ERROR;
				GCC_WARN_UNDECLARED_SELECTOR = YES;
				GCC_WARN_UNINITIALIZED_AUTOS = YES_AGGRESSIVE;
				GCC_WARN_UNUSED_FUNCTION = YES;
				GCC_WARN_UNUSED_VARIABLE = YES;
				MACOSX_DEPLOYMENT_TARGET = 13.3;
				MTL_ENABLE_DEBUG_INFO = INCLUDE_SOURCE;
				MTL_FAST_MATH = YES;
				ONLY_ACTIVE_ARCH = YES;
				SDKROOT = macosx;
				SWIFT_ACTIVE_COMPILATION_CONDITIONS = DEBUG;
				SWIFT_OPTIMIZATION_LEVEL = "-Onone";
			};
			name = Debug;
		};
		4EC86BD22AA55AD400A9E86A /* Release */ = {
			isa = XCBuildConfiguration;
			buildSettings = {
				ALWAYS_SEARCH_USER_PATHS = NO;
				CLANG_ANALYZER_NONNULL = YES;
				CLANG_ANALYZER_NUMBER_OBJECT_CONVERSION = YES_AGGRESSIVE;
				CLANG_CXX_LANGUAGE_STANDARD = "gnu++20";
				CLANG_ENABLE_MODULES = YES;
				CLANG_ENABLE_OBJC_ARC = YES;
				CLANG_ENABLE_OBJC_WEAK = YES;
				CLANG_WARN_BLOCK_CAPTURE_AUTORELEASING = YES;
				CLANG_WARN_BOOL_CONVERSION = YES;
				CLANG_WARN_COMMA = YES;
				CLANG_WARN_CONSTANT_CONVERSION = YES;
				CLANG_WARN_DEPRECATED_OBJC_IMPLEMENTATIONS = YES;
				CLANG_WARN_DIRECT_OBJC_ISA_USAGE = YES_ERROR;
				CLANG_WARN_DOCUMENTATION_COMMENTS = YES;
				CLANG_WARN_EMPTY_BODY = YES;
				CLANG_WARN_ENUM_CONVERSION = YES;
				CLANG_WARN_INFINITE_RECURSION = YES;
				CLANG_WARN_INT_CONVERSION = YES;
				CLANG_WARN_NON_LITERAL_NULL_CONVERSION = YES;
				CLANG_WARN_OBJC_IMPLICIT_RETAIN_SELF = YES;
				CLANG_WARN_OBJC_LITERAL_CONVERSION = YES;
				CLANG_WARN_OBJC_ROOT_CLASS = YES_ERROR;
				CLANG_WARN_QUOTED_INCLUDE_IN_FRAMEWORK_HEADER = YES;
				CLANG_WARN_RANGE_LOOP_ANALYSIS = YES;
				CLANG_WARN_STRICT_PROTOTYPES = YES;
				CLANG_WARN_SUSPICIOUS_MOVE = YES;
				CLANG_WARN_UNGUARDED_AVAILABILITY = YES_AGGRESSIVE;
				CLANG_WARN_UNREACHABLE_CODE = YES;
				CLANG_WARN__DUPLICATE_METHOD_MATCH = YES;
				COPY_PHASE_STRIP = NO;
				DEBUG_INFORMATION_FORMAT = "dwarf-with-dsym";
				ENABLE_NS_ASSERTIONS = NO;
				ENABLE_STRICT_OBJC_MSGSEND = YES;
				GCC_C_LANGUAGE_STANDARD = gnu11;
				GCC_NO_COMMON_BLOCKS = YES;
				GCC_WARN_64_TO_32_BIT_CONVERSION = YES;
				GCC_WARN_ABOUT_RETURN_TYPE = YES_ERROR;
				GCC_WARN_UNDECLARED_SELECTOR = YES;
				GCC_WARN_UNINITIALIZED_AUTOS = YES_AGGRESSIVE;
				GCC_WARN_UNUSED_FUNCTION = YES;
				GCC_WARN_UNUSED_VARIABLE = YES;
				MACOSX_DEPLOYMENT_TARGET = 13.3;
				MTL_ENABLE_DEBUG_INFO = NO;
				MTL_FAST_MATH = YES;
				SDKROOT = macosx;
				SWIFT_COMPILATION_MODE = wholemodule;
				SWIFT_OPTIMIZATION_LEVEL = "-O";
			};
			name = Release;
		};
		4EC86BD42AA55AD400A9E86A /* Debug */ = {
			isa = XCBuildConfiguration;
			buildSettings = {
				CODE_SIGN_STYLE = Automatic;
				DEVELOPMENT_TEAM = U48KBLWVN2;
				ENABLE_HARDENED_RUNTIME = YES;
				PRODUCT_NAME = "$(TARGET_NAME)";
				SWIFT_VERSION = 5.0;
			};
			name = Debug;
		};
		4EC86BD52AA55AD400A9E86A /* Release */ = {
			isa = XCBuildConfiguration;
			buildSettings = {
				CODE_SIGN_STYLE = Automatic;
				DEVELOPMENT_TEAM = U48KBLWVN2;
				ENABLE_HARDENED_RUNTIME = YES;
				PRODUCT_NAME = "$(TARGET_NAME)";
				SWIFT_VERSION = 5.0;
			};
			name = Release;
		};
/* End XCBuildConfiguration section */

/* Begin XCConfigurationList section */
		4EC86BC72AA55AD400A9E86A /* Build configuration list for PBXProject "mukjjibba" */ = {
			isa = XCConfigurationList;
			buildConfigurations = (
				4EC86BD12AA55AD400A9E86A /* Debug */,
				4EC86BD22AA55AD400A9E86A /* Release */,
			);
			defaultConfigurationIsVisible = 0;
			defaultConfigurationName = Release;
		};
		4EC86BD32AA55AD400A9E86A /* Build configuration list for PBXNativeTarget "mukjjibba" */ = {
			isa = XCConfigurationList;
			buildConfigurations = (
				4EC86BD42AA55AD400A9E86A /* Debug */,
				4EC86BD52AA55AD400A9E86A /* Release */,
			);
			defaultConfigurationIsVisible = 0;
			defaultConfigurationName = Release;
		};
/* End XCConfigurationList section */
	};
	rootObject = 4EC86BC42AA55AD400A9E86A /* Project object */;
}
